# THIS IS AN AUTOGENERATED FILE. DO NOT EDIT THIS FILE DIRECTLY.
# yarn lockfile v1


moment@^2.24.0:
  version "2.24.0"
  resolved "https://registry.yarnpkg.com/moment/-/moment-2.24.0.tgz#0d055d53f5052aa653c9f6eb68bb5d12bf5c2b5b"
  integrity sha512-bV7f+6l2QigeBBZSM/6yTNq4P2fNpSWj/0e7jQcy87A8e7o2nAfP/34/2ky5Vw4B9S446EtIhodAzkFCcR4dQg==

react-timestamp@^5.1.0:
  version "5.1.0"
  resolved "https://registry.yarnpkg.com/react-timestamp/-/react-timestamp-5.1.0.tgz#fb2ee03fee3f2d2d1ea457d26b8f19e8817644f9"
  integrity sha512-JWiHW3HJAJZvtAi1Th1sqGe1RRflEkz/63Cw6nFQfUIxHQUN3XPsEkQO1TVCLWLMRyCKmSZpGTJp9qs28Ug3FQ==
